{
  "requires": true,
  "lockfileVersion": 1,
  "dependencies": {
    "2kenizer": {
      "version": "0.1.6",
      "resolved": "https://registry.npmjs.org/2kenizer/-/2kenizer-0.1.6.tgz",
      "integrity": "sha1-pMxSY4lK7eyZVJOvdzX4eHL2s5A="
    },
    "bootstrap": {
      "version": "4.0.0",
      "resolved": "https://registry.npmjs.org/bootstrap/-/bootstrap-4.0.0.tgz",
      "integrity": "sha512-gulJE5dGFo6Q61V/whS6VM4WIyrlydXfCgkE+Gxe5hjrJ8rXLLZlALq7zq2RPhOc45PSwQpJkrTnc2KgD6cvmA=="
    },
    "jquery": {
      "version": "3.3.1",
      "resolved": "https://registry.npmjs.org/jquery/-/jquery-3.3.1.tgz",
      "integrity": "sha512-Ubldcmxp5np52/ENotGxlLe6aGMvmF4R8S6tZjsP6Knsaxd/xp3Zrh50cG93lR6nPXyUFwzN3ZSOQI0wRJNdGg=="
    },
    "php": {
      "version": "0.0.1",
      "resolved": "https://registry.npmjs.org/php/-/php-0.0.1.tgz",
      "integrity": "sha1-34jsnHrdkUaxV43RjrMPuSnLwsw=",
      "requires": {
        "2kenizer": "0.1.6",
        "sjs": "0.0.3"
      }
    },
    "sjs": {
      "version": "0.0.3",
      "resolved": "https://registry.npmjs.org/sjs/-/sjs-0.0.3.tgz",
      "integrity": "sha1-OMsQHPvle39qrucAYtW1n4+bAnM=",
      "requires": {
        "2kenizer": "0.1.6"
      }
    }
  }
}
